{
  "name": "p1",
  "version": "1.0.0",
  "lockfileVersion": 2,
  "requires": true,
  "packages": {
    "": {
      "name": "p1",
      "version": "1.0.0",
      "license": "ISC",
      "dependencies": {
        "p1": "^0.0.1"
      }
    },
    "node_modules/p1": {
      "version": "0.0.1",
      "resolved": "https://registry.npmjs.org/p1/-/p1-0.0.1.tgz",
      "integrity": "sha1-sWTcAdD02pqMf5UwcdM1tTxlsGE="
    }
  },
  "dependencies": {
    "p1": {
      "version": "0.0.1",
      "resolved": "https://registry.npmjs.org/p1/-/p1-0.0.1.tgz",
      "integrity": "sha1-sWTcAdD02pqMf5UwcdM1tTxlsGE="
    }
  }
}
